
Microsoft Visual Studio Solution File, Format Version 12.00
# Visual Studio Version 16
VisualStudioVersion = 16.0.31829.152
MinimumVisualStudioVersion = 10.0.40219.1
Project("{FAE04EC0-301F-11D3-BF4B-00C04F79EFBC}") = "Task_15", "Task_15\Task_15.csproj", "{8EA47DBA-B2EA-458D-8244-32F0658376FB}"
EndProject
Global
	GlobalSection(SolutionConfigurationPlatforms) = preSolution
		Debug|Any CPU = Debug|Any CPU
		Release|Any CPU = Release|Any CPU
	EndGlobalSection
	GlobalSection(ProjectConfigurationPlatforms) = postSolution
		{8EA47DBA-B2EA-458D-8244-32F0658376FB}.Debug|Any CPU.ActiveCfg = Debug|Any CPU
		{8EA47DBA-B2EA-458D-8244-32F0658376FB}.Debug|Any CPU.Build.0 = Debug|Any CPU
		{8EA47DBA-B2EA-458D-8244-32F0658376FB}.Release|Any CPU.ActiveCfg = Release|Any CPU
		{8EA47DBA-B2EA-458D-8244-32F0658376FB}.Release|Any CPU.Build.0 = Release|Any CPU
	EndGlobalSection
	GlobalSection(SolutionProperties) = preSolution
		HideSolutionNode = FALSE
	EndGlobalSection
	GlobalSection(ExtensibilityGlobals) = postSolution
		SolutionGuid = {47FA57E4-E468-4EDD-A3FE-B94D376F96C7}
	EndGlobalSection
EndGlobal
